
Microsoft Visual Studio Solution File, Format Version 12.00
# Visual Studio Version 17
VisualStudioVersion = 17.8.34511.84
MinimumVisualStudioVersion = 10.0.40219.1
Project("{FAE04EC0-301F-11D3-BF4B-00C04F79EFBC}") = "classlab -3", "classlab -3\classlab -3.csproj", "{9B440303-1690-4324-BDC4-B5919249120A}"
EndProject
Global
	GlobalSection(SolutionConfigurationPlatforms) = preSolution
		Debug|Any CPU = Debug|Any CPU
		Release|Any CPU = Release|Any CPU
	EndGlobalSection
	GlobalSection(ProjectConfigurationPlatforms) = postSolution
		{9B440303-1690-4324-BDC4-B5919249120A}.Debug|Any CPU.ActiveCfg = Debug|Any CPU
		{9B440303-1690-4324-BDC4-B5919249120A}.Debug|Any CPU.Build.0 = Debug|Any CPU
		{9B440303-1690-4324-BDC4-B5919249120A}.Release|Any CPU.ActiveCfg = Release|Any CPU
		{9B440303-1690-4324-BDC4-B5919249120A}.Release|Any CPU.Build.0 = Release|Any CPU
	EndGlobalSection
	GlobalSection(SolutionProperties) = preSolution
		HideSolutionNode = FALSE
	EndGlobalSection
	GlobalSection(ExtensibilityGlobals) = postSolution
		SolutionGuid = {3737990F-6A8E-433A-B7F1-B41493C714E7}
	EndGlobalSection
EndGlobal
